
Microsoft Visual Studio Solution File, Format Version 12.00
# Visual Studio Version 17
VisualStudioVersion = 17.5.33516.290
MinimumVisualStudioVersion = 10.0.40219.1
Project("{2150E333-8FDC-42A3-9474-1A3956D46DE8}") = "src", "src", "{EAD368E8-14A9-4EFB-A8B1-C13DAE4CB7C5}"
EndProject
Project("{2150E333-8FDC-42A3-9474-1A3956D46DE8}") = "ApiGateway", "ApiGateway", "{14F65564-CF69-4486-ABD7-8B0713DA1646}"
EndProject
Project("{2150E333-8FDC-42A3-9474-1A3956D46DE8}") = "Services", "Services", "{316315C1-3417-4948-BEB2-316DFB2D248A}"
EndProject
Project("{2150E333-8FDC-42A3-9474-1A3956D46DE8}") = "WepApp", "WepApp", "{92421041-48AC-4CF6-A9D7-69ECC5762FC2}"
EndProject
Project("{2150E333-8FDC-42A3-9474-1A3956D46DE8}") = "Common", "Common", "{60EAD8CD-10B1-40AF-AAB8-11BCEC588599}"
EndProject
Project("{2150E333-8FDC-42A3-9474-1A3956D46DE8}") = "Order", "Order", "{719C740B-E746-4CC6-B0B3-907BB18ED4DA}"
EndProject
Project("{2150E333-8FDC-42A3-9474-1A3956D46DE8}") = "Products", "Products", "{0A442B07-D0BF-41DD-B2C1-04D2587AACBE}"
EndProject
Project("{2150E333-8FDC-42A3-9474-1A3956D46DE8}") = "Sourcing", "Sourcing", "{7D0D0497-C7D5-4BD5-B68E-F7C97D39BDA8}"
EndProject
Project("{9A19103F-16F7-4668-BE54-9A1E7A4F7556}") = "ESourcing.Products", "src\Services\Products\ESourcing.Products\ESourcing.Products.csproj", "{00725839-70BF-4083-82A0-BD713112061E}"
EndProject
Project("{E53339B2-1760-4266-BCC7-CA923CBCF16C}") = "docker-compose", "docker-compose.dcproj", "{0B7975D4-8423-4D19-8F6F-1D1E507D231E}"
EndProject
Project("{9A19103F-16F7-4668-BE54-9A1E7A4F7556}") = "ESourcing.Sourcing", "src\Services\Sourcing\ESourcing.Sourcing\ESourcing.Sourcing.csproj", "{2258ACDF-0484-4B94-AC82-74520DA05B50}"
EndProject
Project("{9A19103F-16F7-4668-BE54-9A1E7A4F7556}") = "EventBusRabbitMQ", "src\Services\Common\EventBusRabbitMQ\EventBusRabbitMQ.csproj", "{A31AC691-61F8-4F13-A947-2C5FE910E371}"
EndProject
Project("{9A19103F-16F7-4668-BE54-9A1E7A4F7556}") = "ESourcing.Order", "src\Services\Order\ESourcing.Order\ESourcing.Order.csproj", "{8C5FA6AF-0531-4C40-BD3E-82D9456C25F0}"
EndProject
Project("{9A19103F-16F7-4668-BE54-9A1E7A4F7556}") = "Ordering.Domain", "src\Services\Order\Ordering.Domain\Ordering.Domain.csproj", "{24DA60AD-2887-4D89-9783-9529B6C69C33}"
EndProject
Project("{9A19103F-16F7-4668-BE54-9A1E7A4F7556}") = "Ordering.Application", "src\Services\Order\Ordering.Application\Ordering.Application.csproj", "{5D1AC7CF-92DF-4521-B9E6-FAFDD55AD8BF}"
EndProject
Project("{9A19103F-16F7-4668-BE54-9A1E7A4F7556}") = "Ordering.Infrastructure", "src\Services\Order\Ordering.Infrastructure\Ordering.Infrastructure.csproj", "{D6687D57-FB68-49F2-8283-7A733A3682D9}"
EndProject
Global
	GlobalSection(SolutionConfigurationPlatforms) = preSolution
		Debug|Any CPU = Debug|Any CPU
		Debug|x64 = Debug|x64
		Release|Any CPU = Release|Any CPU
		Release|x64 = Release|x64
	EndGlobalSection
	GlobalSection(ProjectConfigurationPlatforms) = postSolution
		{00725839-70BF-4083-82A0-BD713112061E}.Debug|Any CPU.ActiveCfg = Debug|Any CPU
		{00725839-70BF-4083-82A0-BD713112061E}.Debug|Any CPU.Build.0 = Debug|Any CPU
		{00725839-70BF-4083-82A0-BD713112061E}.Debug|x64.ActiveCfg = Debug|Any CPU
		{00725839-70BF-4083-82A0-BD713112061E}.Debug|x64.Build.0 = Debug|Any CPU
		{00725839-70BF-4083-82A0-BD713112061E}.Release|Any CPU.ActiveCfg = Release|Any CPU
		{00725839-70BF-4083-82A0-BD713112061E}.Release|Any CPU.Build.0 = Release|Any CPU
		{00725839-70BF-4083-82A0-BD713112061E}.Release|x64.ActiveCfg = Release|Any CPU
		{00725839-70BF-4083-82A0-BD713112061E}.Release|x64.Build.0 = Release|Any CPU
		{0B7975D4-8423-4D19-8F6F-1D1E507D231E}.Debug|Any CPU.ActiveCfg = Debug|Any CPU
		{0B7975D4-8423-4D19-8F6F-1D1E507D231E}.Debug|Any CPU.Build.0 = Debug|Any CPU
		{0B7975D4-8423-4D19-8F6F-1D1E507D231E}.Debug|x64.ActiveCfg = Debug|Any CPU
		{0B7975D4-8423-4D19-8F6F-1D1E507D231E}.Debug|x64.Build.0 = Debug|Any CPU
		{0B7975D4-8423-4D19-8F6F-1D1E507D231E}.Release|Any CPU.ActiveCfg = Release|Any CPU
		{0B7975D4-8423-4D19-8F6F-1D1E507D231E}.Release|Any CPU.Build.0 = Release|Any CPU
		{0B7975D4-8423-4D19-8F6F-1D1E507D231E}.Release|x64.ActiveCfg = Release|Any CPU
		{0B7975D4-8423-4D19-8F6F-1D1E507D231E}.Release|x64.Build.0 = Release|Any CPU
		{2258ACDF-0484-4B94-AC82-74520DA05B50}.Debug|Any CPU.ActiveCfg = Debug|Any CPU
		{2258ACDF-0484-4B94-AC82-74520DA05B50}.Debug|Any CPU.Build.0 = Debug|Any CPU
		{2258ACDF-0484-4B94-AC82-74520DA05B50}.Debug|x64.ActiveCfg = Debug|Any CPU
		{2258ACDF-0484-4B94-AC82-74520DA05B50}.Debug|x64.Build.0 = Debug|Any CPU
		{2258ACDF-0484-4B94-AC82-74520DA05B50}.Release|Any CPU.ActiveCfg = Release|Any CPU
		{2258ACDF-0484-4B94-AC82-74520DA05B50}.Release|Any CPU.Build.0 = Release|Any CPU
		{2258ACDF-0484-4B94-AC82-74520DA05B50}.Release|x64.ActiveCfg = Release|Any CPU
		{2258ACDF-0484-4B94-AC82-74520DA05B50}.Release|x64.Build.0 = Release|Any CPU
		{A31AC691-61F8-4F13-A947-2C5FE910E371}.Debug|Any CPU.ActiveCfg = Debug|Any CPU
		{A31AC691-61F8-4F13-A947-2C5FE910E371}.Debug|Any CPU.Build.0 = Debug|Any CPU
		{A31AC691-61F8-4F13-A947-2C5FE910E371}.Debug|x64.ActiveCfg = Debug|Any CPU
		{A31AC691-61F8-4F13-A947-2C5FE910E371}.Debug|x64.Build.0 = Debug|Any CPU
		{A31AC691-61F8-4F13-A947-2C5FE910E371}.Release|Any CPU.ActiveCfg = Release|Any CPU
		{A31AC691-61F8-4F13-A947-2C5FE910E371}.Release|Any CPU.Build.0 = Release|Any CPU
		{A31AC691-61F8-4F13-A947-2C5FE910E371}.Release|x64.ActiveCfg = Release|Any CPU
		{A31AC691-61F8-4F13-A947-2C5FE910E371}.Release|x64.Build.0 = Release|Any CPU
		{8C5FA6AF-0531-4C40-BD3E-82D9456C25F0}.Debug|Any CPU.ActiveCfg = Debug|Any CPU
		{8C5FA6AF-0531-4C40-BD3E-82D9456C25F0}.Debug|Any CPU.Build.0 = Debug|Any CPU
		{8C5FA6AF-0531-4C40-BD3E-82D9456C25F0}.Debug|x64.ActiveCfg = Debug|Any CPU
		{8C5FA6AF-0531-4C40-BD3E-82D9456C25F0}.Debug|x64.Build.0 = Debug|Any CPU
		{8C5FA6AF-0531-4C40-BD3E-82D9456C25F0}.Release|Any CPU.ActiveCfg = Release|Any CPU
		{8C5FA6AF-0531-4C40-BD3E-82D9456C25F0}.Release|Any CPU.Build.0 = Release|Any CPU
		{8C5FA6AF-0531-4C40-BD3E-82D9456C25F0}.Release|x64.ActiveCfg = Release|Any CPU
		{8C5FA6AF-0531-4C40-BD3E-82D9456C25F0}.Release|x64.Build.0 = Release|Any CPU
		{24DA60AD-2887-4D89-9783-9529B6C69C33}.Debug|Any CPU.ActiveCfg = Debug|Any CPU
		{24DA60AD-2887-4D89-9783-9529B6C69C33}.Debug|Any CPU.Build.0 = Debug|Any CPU
		{24DA60AD-2887-4D89-9783-9529B6C69C33}.Debug|x64.ActiveCfg = Debug|Any CPU
		{24DA60AD-2887-4D89-9783-9529B6C69C33}.Debug|x64.Build.0 = Debug|Any CPU
		{24DA60AD-2887-4D89-9783-9529B6C69C33}.Release|Any CPU.ActiveCfg = Release|Any CPU
		{24DA60AD-2887-4D89-9783-9529B6C69C33}.Release|Any CPU.Build.0 = Release|Any CPU
		{24DA60AD-2887-4D89-9783-9529B6C69C33}.Release|x64.ActiveCfg = Release|Any CPU
		{24DA60AD-2887-4D89-9783-9529B6C69C33}.Release|x64.Build.0 = Release|Any CPU
		{5D1AC7CF-92DF-4521-B9E6-FAFDD55AD8BF}.Debug|Any CPU.ActiveCfg = Debug|Any CPU
		{5D1AC7CF-92DF-4521-B9E6-FAFDD55AD8BF}.Debug|Any CPU.Build.0 = Debug|Any CPU
		{5D1AC7CF-92DF-4521-B9E6-FAFDD55AD8BF}.Debug|x64.ActiveCfg = Debug|Any CPU
		{5D1AC7CF-92DF-4521-B9E6-FAFDD55AD8BF}.Debug|x64.Build.0 = Debug|Any CPU
		{5D1AC7CF-92DF-4521-B9E6-FAFDD55AD8BF}.Release|Any CPU.ActiveCfg = Release|Any CPU
		{5D1AC7CF-92DF-4521-B9E6-FAFDD55AD8BF}.Release|Any CPU.Build.0 = Release|Any CPU
		{5D1AC7CF-92DF-4521-B9E6-FAFDD55AD8BF}.Release|x64.ActiveCfg = Release|Any CPU
		{5D1AC7CF-92DF-4521-B9E6-FAFDD55AD8BF}.Release|x64.Build.0 = Release|Any CPU
		{D6687D57-FB68-49F2-8283-7A733A3682D9}.Debug|Any CPU.ActiveCfg = Debug|Any CPU
		{D6687D57-FB68-49F2-8283-7A733A3682D9}.Debug|Any CPU.Build.0 = Debug|Any CPU
		{D6687D57-FB68-49F2-8283-7A733A3682D9}.Debug|x64.ActiveCfg = Debug|Any CPU
		{D6687D57-FB68-49F2-8283-7A733A3682D9}.Debug|x64.Build.0 = Debug|Any CPU
		{D6687D57-FB68-49F2-8283-7A733A3682D9}.Release|Any CPU.ActiveCfg = Release|Any CPU
		{D6687D57-FB68-49F2-8283-7A733A3682D9}.Release|Any CPU.Build.0 = Release|Any CPU
		{D6687D57-FB68-49F2-8283-7A733A3682D9}.Release|x64.ActiveCfg = Release|Any CPU
		{D6687D57-FB68-49F2-8283-7A733A3682D9}.Release|x64.Build.0 = Release|Any CPU
	EndGlobalSection
	GlobalSection(SolutionProperties) = preSolution
		HideSolutionNode = FALSE
	EndGlobalSection
	GlobalSection(NestedProjects) = preSolution
		{14F65564-CF69-4486-ABD7-8B0713DA1646} = {EAD368E8-14A9-4EFB-A8B1-C13DAE4CB7C5}
		{316315C1-3417-4948-BEB2-316DFB2D248A} = {EAD368E8-14A9-4EFB-A8B1-C13DAE4CB7C5}
		{92421041-48AC-4CF6-A9D7-69ECC5762FC2} = {EAD368E8-14A9-4EFB-A8B1-C13DAE4CB7C5}
		{60EAD8CD-10B1-40AF-AAB8-11BCEC588599} = {316315C1-3417-4948-BEB2-316DFB2D248A}
		{719C740B-E746-4CC6-B0B3-907BB18ED4DA} = {316315C1-3417-4948-BEB2-316DFB2D248A}
		{0A442B07-D0BF-41DD-B2C1-04D2587AACBE} = {316315C1-3417-4948-BEB2-316DFB2D248A}
		{7D0D0497-C7D5-4BD5-B68E-F7C97D39BDA8} = {316315C1-3417-4948-BEB2-316DFB2D248A}
		{00725839-70BF-4083-82A0-BD713112061E} = {0A442B07-D0BF-41DD-B2C1-04D2587AACBE}
		{2258ACDF-0484-4B94-AC82-74520DA05B50} = {7D0D0497-C7D5-4BD5-B68E-F7C97D39BDA8}
		{A31AC691-61F8-4F13-A947-2C5FE910E371} = {60EAD8CD-10B1-40AF-AAB8-11BCEC588599}
		{8C5FA6AF-0531-4C40-BD3E-82D9456C25F0} = {719C740B-E746-4CC6-B0B3-907BB18ED4DA}
		{24DA60AD-2887-4D89-9783-9529B6C69C33} = {719C740B-E746-4CC6-B0B3-907BB18ED4DA}
		{5D1AC7CF-92DF-4521-B9E6-FAFDD55AD8BF} = {719C740B-E746-4CC6-B0B3-907BB18ED4DA}
		{D6687D57-FB68-49F2-8283-7A733A3682D9} = {719C740B-E746-4CC6-B0B3-907BB18ED4DA}
	EndGlobalSection
	GlobalSection(ExtensibilityGlobals) = postSolution
		SolutionGuid = {BCFC494F-C306-438F-8AF5-9A5601BD0328}
	EndGlobalSection
EndGlobal
